// !$*UTF8*$!
{
	archiveVersion = 1;
	classes = {
	};
	objectVersion = 50;
	objects = {

/* Begin PBXBuildFile section */
		1AD334842261B6CB00273B90 /* AppDelegate.swift in Sources */ = {isa = PBXBuildFile; fileRef = 1AD334832261B6CB00273B90 /* AppDelegate.swift */; };
		1AD334862261B6CB00273B90 /* ViewController.swift in Sources */ = {isa = PBXBuildFile; fileRef = 1AD334852261B6CB00273B90 /* ViewController.swift */; };
		1AD334892261B6CB00273B90 /* Main.storyboard in Resources */ = {isa = PBXBuildFile; fileRef = 1AD334872261B6CB00273B90 /* Main.storyboard */; };
		1AD3348B2261B6CC00273B90 /* Assets.xcassets in Resources */ = {isa = PBXBuildFile; fileRef = 1AD3348A2261B6CC00273B90 /* Assets.xcassets */; };
		1AD3348E2261B6CC00273B90 /* LaunchScreen.storyboard in Resources */ = {isa = PBXBuildFile; fileRef = 1AD3348C2261B6CC00273B90 /* LaunchScreen.storyboard */; };
		1AD334992261B6CC00273B90 /* ProgressViewDemoTests.swift in Sources */ = {isa = PBXBuildFile; fileRef = 1AD334982261B6CC00273B90 /* ProgressViewDemoTests.swift */; };
		1AD334A42261B6CC00273B90 /* ProgressViewDemoUITests.swift in Sources */ = {isa = PBXBuildFile; fileRef = 1AD334A32261B6CC00273B90 /* ProgressViewDemoUITests.swift */; };
		1AD334B22261B6F200273B90 /* ProgressView.swift in Sources */ = {isa = PBXBuildFile; fileRef = 1AD334B12261B6F200273B90 /* ProgressView.swift */; };
/* End PBXBuildFile section */

/* Begin PBXContainerItemProxy section */
		1AD334952261B6CC00273B90 /* PBXContainerItemProxy */ = {
			isa = PBXContainerItemProxy;
			containerPortal = 1AD334782261B6CB00273B90 /* Project object */;
			proxyType = 1;
			remoteGlobalIDString = 1AD3347F2261B6CB00273B90;
			remoteInfo = ProgressViewDemo;
		};
		1AD334A02261B6CC00273B90 /* PBXContainerItemProxy */ = {
			isa = PBXContainerItemProxy;
			containerPortal = 1AD334782261B6CB00273B90 /* Project object */;
			proxyType = 1;
			remoteGlobalIDString = 1AD3347F2261B6CB00273B90;
			remoteInfo = ProgressViewDemo;
		};
/* End PBXContainerItemProxy section */

/* Begin PBXFileReference section */
		1AD334802261B6CB00273B90 /* ProgressViewDemo.app */ = {isa = PBXFileReference; explicitFileType = wrapper.application; includeInIndex = 0; path = ProgressViewDemo.app; sourceTree = BUILT_PRODUCTS_DIR; };
		1AD334832261B6CB00273B90 /* AppDelegate.swift */ = {isa = PBXFileReference; lastKnownFileType = sourcecode.swift; path = AppDelegate.swift; sourceTree = "<group>"; };
		1AD334852261B6CB00273B90 /* ViewController.swift */ = {isa = PBXFileReference; lastKnownFileType = sourcecode.swift; path = ViewController.swift; sourceTree = "<group>"; };
		1AD334882261B6CB00273B90 /* Base */ = {isa = PBXFileReference; lastKnownFileType = file.storyboard; name = Base; path = Base.lproj/Main.storyboard; sourceTree = "<group>"; };
		1AD3348A2261B6CC00273B90 /* Assets.xcassets */ = {isa = PBXFileReference; lastKnownFileType = folder.assetcatalog; path = Assets.xcassets; sourceTree = "<group>"; };
		1AD3348D2261B6CC00273B90 /* Base */ = {isa = PBXFileReference; lastKnownFileType = file.storyboard; name = Base; path = Base.lproj/LaunchScreen.storyboard; sourceTree = "<group>"; };
		1AD3348F2261B6CC00273B90 /* Info.plist */ = {isa = PBXFileReference; lastKnownFileType = text.plist.xml; path = Info.plist; sourceTree = "<group>"; };
		1AD334942261B6CC00273B90 /* ProgressViewDemoTests.xctest */ = {isa = PBXFileReference; explicitFileType = wrapper.cfbundle; includeInIndex = 0; path = ProgressViewDemoTests.xctest; sourceTree = BUILT_PRODUCTS_DIR; };
		1AD334982261B6CC00273B90 /* ProgressViewDemoTests.swift */ = {isa = PBXFileReference; lastKnownFileType = sourcecode.swift; path = ProgressViewDemoTests.swift; sourceTree = "<group>"; };
		1AD3349A2261B6CC00273B90 /* Info.plist */ = {isa = PBXFileReference; lastKnownFileType = text.plist.xml; path = Info.plist; sourceTree = "<group>"; };
		1AD3349F2261B6CC00273B90 /* ProgressViewDemoUITests.xctest */ = {isa = PBXFileReference; explicitFileType = wrapper.cfbundle; includeInIndex = 0; path = ProgressViewDemoUITests.xctest; sourceTree = BUILT_PRODUCTS_DIR; };
		1AD334A32261B6CC00273B90 /* ProgressViewDemoUITests.swift */ = {isa = PBXFileReference; lastKnownFileType = sourcecode.swift; path = ProgressViewDemoUITests.swift; sourceTree = "<group>"; };
		1AD334A52261B6CC00273B90 /* Info.plist */ = {isa = PBXFileReference; lastKnownFileType = text.plist.xml; path = Info.plist; sourceTree = "<group>"; };
		1AD334B12261B6F200273B90 /* ProgressView.swift */ = {isa = PBXFileReference; lastKnownFileType = sourcecode.swift; path = ProgressView.swift; sourceTree = "<group>"; };
/* End PBXFileReference section */

/* Begin PBXFrameworksBuildPhase section */
		1AD3347D2261B6CB00273B90 /* Frameworks */ = {
			isa = PBXFrameworksBuildPhase;
			buildActionMask = 2147483647;
			files = (
			);
			runOnlyForDeploymentPostprocessing = 0;
		};
		1AD334912261B6CC00273B90 /* Frameworks */ = {
			isa = PBXFrameworksBuildPhase;
			buildActionMask = 2147483647;
			files = (
			);
			runOnlyForDeploymentPostprocessing = 0;
		};
		1AD3349C2261B6CC00273B90 /* Frameworks */ = {
			isa = PBXFrameworksBuildPhase;
			buildActionMask = 2147483647;
			files = (
			);
			runOnlyForDeploymentPostprocessing = 0;
		};
/* End PBXFrameworksBuildPhase section */

/* Begin PBXGroup section */
		1AD334772261B6CB00273B90 = {
			isa = PBXGroup;
			children = (
				1AD334822261B6CB00273B90 /* ProgressViewDemo */,
				1AD334972261B6CC00273B90 /* ProgressViewDemoTests */,
				1AD334A22261B6CC00273B90 /* ProgressViewDemoUITests */,
				1AD334812261B6CB00273B90 /* Products */,
			);
			sourceTree = "<group>";
		};
		1AD334812261B6CB00273B90 /* Products */ = {
			isa = PBXGroup;
			children = (
				1AD334802261B6CB00273B90 /* ProgressViewDemo.app */,
				1AD334942261B6CC00273B90 /* ProgressViewDemoTests.xctest */,
				1AD3349F2261B6CC00273B90 /* ProgressViewDemoUITests.xctest */,
			);
			name = Products;
			sourceTree = "<group>";
		};
		1AD334822261B6CB00273B90 /* ProgressViewDemo */ = {
			isa = PBXGroup;
			children = (
				1AD334832261B6CB00273B90 /* AppDelegate.swift */,
				1AD334852261B6CB00273B90 /* ViewController.swift */,
				1AD334B12261B6F200273B90 /* ProgressView.swift */,
				1AD334872261B6CB00273B90 /* Main.storyboard */,
				1AD3348A2261B6CC00273B90 /* Assets.xcassets */,
				1AD3348C2261B6CC00273B90 /* LaunchScreen.storyboard */,
				1AD3348F2261B6CC00273B90 /* Info.plist */,
			);
			path = ProgressViewDemo;
			sourceTree = "<group>";
		};
		1AD334972261B6CC00273B90 /* ProgressViewDemoTests */ = {
			isa = PBXGroup;
			children = (
				1AD334982261B6CC00273B90 /* ProgressViewDemoTests.swift */,
				1AD3349A2261B6CC00273B90 /* Info.plist */,
			);
			path = ProgressViewDemoTests;
			sourceTree = "<group>";
		};
		1AD334A22261B6CC00273B90 /* ProgressViewDemoUITests */ = {
			isa = PBXGroup;
			children = (
				1AD334A32261B6CC00273B90 /* ProgressViewDemoUITests.swift */,
				1AD334A52261B6CC00273B90 /* Info.plist */,
			);
			path = ProgressViewDemoUITests;
			sourceTree = "<group>";
		};
/* End PBXGroup section */

/* Begin PBXNativeTarget section */
		1AD3347F2261B6CB00273B90 /* ProgressViewDemo */ = {
			isa = PBXNativeTarget;
			buildConfigurationList = 1AD334A82261B6CC00273B90 /* Build configuration list for PBXNativeTarget "ProgressViewDemo" */;
			buildPhases = (
				1AD3347C2261B6CB00273B90 /* Sources */,
				1AD3347D2261B6CB00273B90 /* Frameworks */,
				1AD3347E2261B6CB00273B90 /* Resources */,
			);
			buildRules = (
			);
			dependencies = (
			);
			name = ProgressViewDemo;
			productName = ProgressViewDemo;
			productReference = 1AD334802261B6CB00273B90 /* ProgressViewDemo.app */;
			productType = "com.apple.product-type.application";
		};
		1AD334932261B6CC00273B90 /* ProgressViewDemoTests */ = {
			isa = PBXNativeTarget;
			buildConfigurationList = 1AD334AB2261B6CC00273B90 /* Build configuration list for PBXNativeTarget "ProgressViewDemoTests" */;
			buildPhases = (
				1AD334902261B6CC00273B90 /* Sources */,
				1AD334912261B6CC00273B90 /* Frameworks */,
				1AD334922261B6CC00273B90 /* Resources */,
			);
			buildRules = (
			);
			dependencies = (
				1AD334962261B6CC00273B90 /* PBXTargetDependency */,
			);
			name = ProgressViewDemoTests;
			productName = ProgressViewDemoTests;
			productReference = 1AD334942261B6CC00273B90 /* ProgressViewDemoTests.xctest */;
			productType = "com.apple.product-type.bundle.unit-test";
		};
		1AD3349E2261B6CC00273B90 /* ProgressViewDemoUITests */ = {
			isa = PBXNativeTarget;
			buildConfigurationList = 1AD334AE2261B6CC00273B90 /* Build configuration list for PBXNativeTarget "ProgressViewDemoUITests" */;
			buildPhases = (
				1AD3349B2261B6CC00273B90 /* Sources */,
				1AD3349C2261B6CC00273B90 /* Frameworks */,
				1AD3349D2261B6CC00273B90 /* Resources */,
			);
			buildRules = (
			);
			dependencies = (
				1AD334A12261B6CC00273B90 /* PBXTargetDependency */,
			);
			name = ProgressViewDemoUITests;
			productName = ProgressViewDemoUITests;
			productReference = 1AD3349F2261B6CC00273B90 /* ProgressViewDemoUITests.xctest */;
			productType = "com.apple.product-type.bundle.ui-testing";
		};
/* End PBXNativeTarget section */

/* Begin PBXProject section */
		1AD334782261B6CB00273B90 /* Project object */ = {
			isa = PBXProject;
			attributes = {
				LastSwiftUpdateCheck = 1020;
				LastUpgradeCheck = 1020;
				ORGANIZATIONNAME = huangkun;
				TargetAttributes = {
					1AD3347F2261B6CB00273B90 = {
						CreatedOnToolsVersion = 10.2;
					};
					1AD334932261B6CC00273B90 = {
						CreatedOnToolsVersion = 10.2;
						TestTargetID = 1AD3347F2261B6CB00273B90;
					};
					1AD3349E2261B6CC00273B90 = {
						CreatedOnToolsVersion = 10.2;
						TestTargetID = 1AD3347F2261B6CB00273B90;
					};
				};
			};
			buildConfigurationList = 1AD3347B2261B6CB00273B90 /* Build configuration list for PBXProject "ProgressViewDemo" */;
			compatibilityVersion = "Xcode 9.3";
			developmentRegion = en;
			hasScannedForEncodings = 0;
			knownRegions = (
				en,
				Base,
			);
			mainGroup = 1AD334772261B6CB00273B90;
			productRefGroup = 1AD334812261B6CB00273B90 /* Products */;
			projectDirPath = "";
			projectRoot = "";
			targets = (
				1AD3347F2261B6CB00273B90 /* ProgressViewDemo */,
				1AD334932261B6CC00273B90 /* ProgressViewDemoTests */,
				1AD3349E2261B6CC00273B90 /* ProgressViewDemoUITests */,
			);
		};
/* End PBXProject section */

/* Begin PBXResourcesBuildPhase section */
		1AD3347E2261B6CB00273B90 /* Resources */ = {
			isa = PBXResourcesBuildPhase;
			buildActionMask = 2147483647;
			files = (
				1AD3348E2261B6CC00273B90 /* LaunchScreen.storyboard in Resources */,
				1AD3348B2261B6CC00273B90 /* Assets.xcassets in Resources */,
				1AD334892261B6CB00273B90 /* Main.storyboard in Resources */,
			);
			runOnlyForDeploymentPostprocessing = 0;
		};
		1AD334922261B6CC00273B90 /* Resources */ = {
			isa = PBXResourcesBuildPhase;
			buildActionMask = 2147483647;
			files = (
			);
			runOnlyForDeploymentPostprocessing = 0;
		};
		1AD3349D2261B6CC00273B90 /* Resources */ = {
			isa = PBXResourcesBuildPhase;
			buildActionMask = 2147483647;
			files = (
			);
			runOnlyForDeploymentPostprocessing = 0;
		};
/* End PBXResourcesBuildPhase section */

/* Begin PBXSourcesBuildPhase section */
		1AD3347C2261B6CB00273B90 /* Sources */ = {
			isa = PBXSourcesBuildPhase;
			buildActionMask = 2147483647;
			files = (
				1AD334862261B6CB00273B90 /* ViewController.swift in Sources */,
				1AD334842261B6CB00273B90 /* AppDelegate.swift in Sources */,
				1AD334B22261B6F200273B90 /* ProgressView.swift in Sources */,
			);
			runOnlyForDeploymentPostprocessing = 0;
		};
		1AD334902261B6CC00273B90 /* Sources */ = {
			isa = PBXSourcesBuildPhase;
			buildActionMask = 2147483647;
			files = (
				1AD334992261B6CC00273B90 /* ProgressViewDemoTests.swift in Sources */,
			);
			runOnlyForDeploymentPostprocessing = 0;
		};
		1AD3349B2261B6CC00273B90 /* Sources */ = {
			isa = PBXSourcesBuildPhase;
			buildActionMask = 2147483647;
			files = (
				1AD334A42261B6CC00273B90 /* ProgressViewDemoUITests.swift in Sources */,
			);
			runOnlyForDeploymentPostprocessing = 0;
		};
/* End PBXSourcesBuildPhase section */

/* Begin PBXTargetDependency section */
		1AD334962261B6CC00273B90 /* PBXTargetDependency */ = {
			isa = PBXTargetDependency;
			target = 1AD3347F2261B6CB00273B90 /* ProgressViewDemo */;
			targetProxy = 1AD334952261B6CC00273B90 /* PBXContainerItemProxy */;
		};
		1AD334A12261B6CC00273B90 /* PBXTargetDependency */ = {
			isa = PBXTargetDependency;
			target = 1AD3347F2261B6CB00273B90 /* ProgressViewDemo */;
			targetProxy = 1AD334A02261B6CC00273B90 /* PBXContainerItemProxy */;
		};
/* End PBXTargetDependency section */

/* Begin PBXVariantGroup section */
		1AD334872261B6CB00273B90 /* Main.storyboard */ = {
			isa = PBXVariantGroup;
			children = (
				1AD334882261B6CB00273B90 /* Base */,
			);
			name = Main.storyboard;
			sourceTree = "<group>";
		};
		1AD3348C2261B6CC00273B90 /* LaunchScreen.storyboard */ = {
			isa = PBXVariantGroup;
			children = (
				1AD3348D2261B6CC00273B90 /* Base */,
			);
			name = LaunchScreen.storyboard;
			sourceTree = "<group>";
		};
/* End PBXVariantGroup section */

/* Begin XCBuildConfiguration section */
		1AD334A62261B6CC00273B90 /* Debug */ = {
			isa = XCBuildConfiguration;
			buildSettings = {
				ALWAYS_SEARCH_USER_PATHS = NO;
				CLANG_ANALYZER_NONNULL = YES;
				CLANG_ANALYZER_NUMBER_OBJECT_CONVERSION = YES_AGGRESSIVE;
				CLANG_CXX_LANGUAGE_STANDARD = "gnu++14";
				CLANG_CXX_LIBRARY = "libc++";
				CLANG_ENABLE_MODULES = YES;
				CLANG_ENABLE_OBJC_ARC = YES;
				CLANG_ENABLE_OBJC_WEAK = YES;
				CLANG_WARN_BLOCK_CAPTURE_AUTORELEASING = YES;
				CLANG_WARN_BOOL_CONVERSION = YES;
				CLANG_WARN_COMMA = YES;
				CLANG_WARN_CONSTANT_CONVERSION = YES;
				CLANG_WARN_DEPRECATED_OBJC_IMPLEMENTATIONS = YES;
				CLANG_WARN_DIRECT_OBJC_ISA_USAGE = YES_ERROR;
				CLANG_WARN_DOCUMENTATION_COMMENTS = YES;
				CLANG_WARN_EMPTY_BODY = YES;
				CLANG_WARN_ENUM_CONVERSION = YES;
				CLANG_WARN_INFINITE_RECURSION = YES;
				CLANG_WARN_INT_CONVERSION = YES;
				CLANG_WARN_NON_LITERAL_NULL_CONVERSION = YES;
				CLANG_WARN_OBJC_IMPLICIT_RETAIN_SELF = YES;
				CLANG_WARN_OBJC_LITERAL_CONVERSION = YES;
				CLANG_WARN_OBJC_ROOT_CLASS = YES_ERROR;
				CLANG_WARN_RANGE_LOOP_ANALYSIS = YES;
				CLANG_WARN_STRICT_PROTOTYPES = YES;
				CLANG_WARN_SUSPICIOUS_MOVE = YES;
				CLANG_WARN_UNGUARDED_AVAILABILITY = YES_AGGRESSIVE;
				CLANG_WARN_UNREACHABLE_CODE = YES;
				CLANG_WARN__DUPLICATE_METHOD_MATCH = YES;
				CODE_SIGN_IDENTITY = "iPhone Developer";
				COPY_PHASE_STRIP = NO;
				DEBUG_INFORMATION_FORMAT = dwarf;
				ENABLE_STRICT_OBJC_MSGSEND = YES;
				ENABLE_TESTABILITY = YES;
				GCC_C_LANGUAGE_STANDARD = gnu11;
				GCC_DYNAMIC_NO_PIC = NO;
				GCC_NO_COMMON_BLOCKS = YES;
				GCC_OPTIMIZATION_LEVEL = 0;
				GCC_PREPROCESSOR_DEFINITIONS = (
					"DEBUG=1",
					"$(inherited)",
				);
				GCC_WARN_64_TO_32_BIT_CONVERSION = YES;
				GCC_WARN_ABOUT_RETURN_TYPE = YES_ERROR;
				GCC_WARN_UNDECLARED_SELECTOR = YES;
				GCC_WARN_UNINITIALIZED_AUTOS = YES_AGGRESSIVE;
				GCC_WARN_UNUSED_FUNCTION = YES;
				GCC_WARN_UNUSED_VARIABLE = YES;
				IPHONEOS_DEPLOYMENT_TARGET = 12.2;
				MTL_ENABLE_DEBUG_INFO = INCLUDE_SOURCE;
				MTL_FAST_MATH = YES;
				ONLY_ACTIVE_ARCH = YES;
				SDKROOT = iphoneos;
				SWIFT_ACTIVE_COMPILATION_CONDITIONS = DEBUG;
				SWIFT_OPTIMIZATION_LEVEL = "-Onone";
			};
			name = Debug;
		};
		1AD334A72261B6CC00273B90 /* Release */ = {
			isa = XCBuildConfiguration;
			buildSettings = {
				ALWAYS_SEARCH_USER_PATHS = NO;
				CLANG_ANALYZER_NONNULL = YES;
				CLANG_ANALYZER_NUMBER_OBJECT_CONVERSION = YES_AGGRESSIVE;
				CLANG_CXX_LANGUAGE_STANDARD = "gnu++14";
				CLANG_CXX_LIBRARY = "libc++";
				CLANG_ENABLE_MODULES = YES;
				CLANG_ENABLE_OBJC_ARC = YES;
				CLANG_ENABLE_OBJC_WEAK = YES;
				CLANG_WARN_BLOCK_CAPTURE_AUTORELEASING = YES;
				CLANG_WARN_BOOL_CONVERSION = YES;
				CLANG_WARN_COMMA = YES;
				CLANG_WARN_CONSTANT_CONVERSION = YES;
				CLANG_WARN_DEPRECATED_OBJC_IMPLEMENTATIONS = YES;
				CLANG_WARN_DIRECT_OBJC_ISA_USAGE = YES_ERROR;
				CLANG_WARN_DOCUMENTATION_COMMENTS = YES;
				CLANG_WARN_EMPTY_BODY = YES;
				CLANG_WARN_ENUM_CONVERSION = YES;
				CLANG_WARN_INFINITE_RECURSION = YES;
				CLANG_WARN_INT_CONVERSION = YES;
				CLANG_WARN_NON_LITERAL_NULL_CONVERSION = YES;
				CLANG_WARN_OBJC_IMPLICIT_RETAIN_SELF = YES;
				CLANG_WARN_OBJC_LITERAL_CONVERSION = YES;
				CLANG_WARN_OBJC_ROOT_CLASS = YES_ERROR;
				CLANG_WARN_RANGE_LOOP_ANALYSIS = YES;
				CLANG_WARN_STRICT_PROTOTYPES = YES;
				CLANG_WARN_SUSPICIOUS_MOVE = YES;
				CLANG_WARN_UNGUARDED_AVAILABILITY = YES_AGGRESSIVE;
				CLANG_WARN_UNREACHABLE_CODE = YES;
				CLANG_WARN__DUPLICATE_METHOD_MATCH = YES;
				CODE_SIGN_IDENTITY = "iPhone Developer";
				COPY_PHASE_STRIP = NO;
				DEBUG_INFORMATION_FORMAT = "dwarf-with-dsym";
				ENABLE_NS_ASSERTIONS = NO;
				ENABLE_STRICT_OBJC_MSGSEND = YES;
				GCC_C_LANGUAGE_STANDARD = gnu11;
				GCC_NO_COMMON_BLOCKS = YES;
				GCC_WARN_64_TO_32_BIT_CONVERSION = YES;
				GCC_WARN_ABOUT_RETURN_TYPE = YES_ERROR;
				GCC_WARN_UNDECLARED_SELECTOR = YES;
				GCC_WARN_UNINITIALIZED_AUTOS = YES_AGGRESSIVE;
				GCC_WARN_UNUSED_FUNCTION = YES;
				GCC_WARN_UNUSED_VARIABLE = YES;
				IPHONEOS_DEPLOYMENT_TARGET = 12.2;
				MTL_ENABLE_DEBUG_INFO = NO;
				MTL_FAST_MATH = YES;
				SDKROOT = iphoneos;
				SWIFT_COMPILATION_MODE = wholemodule;
				SWIFT_OPTIMIZATION_LEVEL = "-O";
				VALIDATE_PRODUCT = YES;
			};
			name = Release;
		};
		1AD334A92261B6CC00273B90 /* Debug */ = {
			isa = XCBuildConfiguration;
			buildSettings = {
				ASSETCATALOG_COMPILER_APPICON_NAME = AppIcon;
				CODE_SIGN_STYLE = Automatic;
				DEVELOPMENT_TEAM = 3S67G6A35R;
				INFOPLIST_FILE = ProgressViewDemo/Info.plist;
				IPHONEOS_DEPLOYMENT_TARGET = 9.0;
				LD_RUNPATH_SEARCH_PATHS = (
					"$(inherited)",
					"@executable_path/Frameworks",
				);
				PRODUCT_BUNDLE_IDENTIFIER = com.huangkun.ProgressViewDemo;
				PRODUCT_NAME = "$(TARGET_NAME)";
				SWIFT_VERSION = 5.0;
				TARGETED_DEVICE_FAMILY = "1,2";
			};
			name = Debug;
		};
		1AD334AA2261B6CC00273B90 /* Release */ = {
			isa = XCBuildConfiguration;
			buildSettings = {
				ASSETCATALOG_COMPILER_APPICON_NAME = AppIcon;
				CODE_SIGN_STYLE = Automatic;
				DEVELOPMENT_TEAM = 3S67G6A35R;
				INFOPLIST_FILE = ProgressViewDemo/Info.plist;
				IPHONEOS_DEPLOYMENT_TARGET = 9.0;
				LD_RUNPATH_SEARCH_PATHS = (
					"$(inherited)",
					"@executable_path/Frameworks",
				);
				PRODUCT_BUNDLE_IDENTIFIER = com.huangkun.ProgressViewDemo;
				PRODUCT_NAME = "$(TARGET_NAME)";
				SWIFT_VERSION = 5.0;
				TARGETED_DEVICE_FAMILY = "1,2";
			};
			name = Release;
		};
		1AD334AC2261B6CC00273B90 /* Debug */ = {
			isa = XCBuildConfiguration;
			buildSettings = {
				ALWAYS_EMBED_SWIFT_STANDARD_LIBRARIES = YES;
				BUNDLE_LOADER = "$(TEST_HOST)";
				CODE_SIGN_STYLE = Automatic;
				DEVELOPMENT_TEAM = 3S67G6A35R;
				INFOPLIST_FILE = ProgressViewDemoTests/Info.plist;
				LD_RUNPATH_SEARCH_PATHS = (
					"$(inherited)",
					"@executable_path/Frameworks",
					"@loader_path/Frameworks",
				);
				PRODUCT_BUNDLE_IDENTIFIER = com.huangkun.ProgressViewDemoTests;
				PRODUCT_NAME = "$(TARGET_NAME)";
				SWIFT_VERSION = 5.0;
				TARGETED_DEVICE_FAMILY = "1,2";
				TEST_HOST = "$(BUILT_PRODUCTS_DIR)/ProgressViewDemo.app/ProgressViewDemo";
			};
			name = Debug;
		};
		1AD334AD2261B6CC00273B90 /* Release */ = {
			isa = XCBuildConfiguration;
			buildSettings = {
				ALWAYS_EMBED_SWIFT_STANDARD_LIBRARIES = YES;
				BUNDLE_LOADER = "$(TEST_HOST)";
				CODE_SIGN_STYLE = Automatic;
				DEVELOPMENT_TEAM = 3S67G6A35R;
				INFOPLIST_FILE = ProgressViewDemoTests/Info.plist;
				LD_RUNPATH_SEARCH_PATHS = (
					"$(inherited)",
					"@executable_path/Frameworks",
					"@loader_path/Frameworks",
				);
				PRODUCT_BUNDLE_IDENTIFIER = com.huangkun.ProgressViewDemoTests;
				PRODUCT_NAME = "$(TARGET_NAME)";
				SWIFT_VERSION = 5.0;
				TARGETED_DEVICE_FAMILY = "1,2";
				TEST_HOST = "$(BUILT_PRODUCTS_DIR)/ProgressViewDemo.app/ProgressViewDemo";
			};
			name = Release;
		};
		1AD334AF2261B6CC00273B90 /* Debug */ = {
			isa = XCBuildConfiguration;
			buildSettings = {
				ALWAYS_EMBED_SWIFT_STANDARD_LIBRARIES = YES;
				CODE_SIGN_STYLE = Automatic;
				DEVELOPMENT_TEAM = 3S67G6A35R;
				INFOPLIST_FILE = ProgressViewDemoUITests/Info.plist;
				LD_RUNPATH_SEARCH_PATHS = (
					"$(inherited)",
					"@executable_path/Frameworks",
					"@loader_path/Frameworks",
				);
				PRODUCT_BUNDLE_IDENTIFIER = com.huangkun.ProgressViewDemoUITests;
				PRODUCT_NAME = "$(TARGET_NAME)";
				SWIFT_VERSION = 5.0;
				TARGETED_DEVICE_FAMILY = "1,2";
				TEST_TARGET_NAME = ProgressViewDemo;
			};
			name = Debug;
		};
		1AD334B02261B6CC00273B90 /* Release */ = {
			isa = XCBuildConfiguration;
			buildSettings = {
				ALWAYS_EMBED_SWIFT_STANDARD_LIBRARIES = YES;
				CODE_SIGN_STYLE = Automatic;
				DEVELOPMENT_TEAM = 3S67G6A35R;
				INFOPLIST_FILE = ProgressViewDemoUITests/Info.plist;
				LD_RUNPATH_SEARCH_PATHS = (
					"$(inherited)",
					"@executable_path/Frameworks",
					"@loader_path/Frameworks",
				);
				PRODUCT_BUNDLE_IDENTIFIER = com.huangkun.ProgressViewDemoUITests;
				PRODUCT_NAME = "$(TARGET_NAME)";
				SWIFT_VERSION = 5.0;
				TARGETED_DEVICE_FAMILY = "1,2";
				TEST_TARGET_NAME = ProgressViewDemo;
			};
			name = Release;
		};
/* End XCBuildConfiguration section */

/* Begin XCConfigurationList section */
		1AD3347B2261B6CB00273B90 /* Build configuration list for PBXProject "ProgressViewDemo" */ = {
			isa = XCConfigurationList;
			buildConfigurations = (
				1AD334A62261B6CC00273B90 /* Debug */,
				1AD334A72261B6CC00273B90 /* Release */,
			);
			defaultConfigurationIsVisible = 0;
			defaultConfigurationName = Release;
		};
		1AD334A82261B6CC00273B90 /* Build configuration list for PBXNativeTarget "ProgressViewDemo" */ = {
			isa = XCConfigurationList;
			buildConfigurations = (
				1AD334A92261B6CC00273B90 /* Debug */,
				1AD334AA2261B6CC00273B90 /* Release */,
			);
			defaultConfigurationIsVisible = 0;
			defaultConfigurationName = Release;
		};
		1AD334AB2261B6CC00273B90 /* Build configuration list for PBXNativeTarget "ProgressViewDemoTests" */ = {
			isa = XCConfigurationList;
			buildConfigurations = (
				1AD334AC2261B6CC00273B90 /* Debug */,
				1AD334AD2261B6CC00273B90 /* Release */,
			);
			defaultConfigurationIsVisible = 0;
			defaultConfigurationName = Release;
		};
		1AD334AE2261B6CC00273B90 /* Build configuration list for PBXNativeTarget "ProgressViewDemoUITests" */ = {
			isa = XCConfigurationList;
			buildConfigurations = (
				1AD334AF2261B6CC00273B90 /* Debug */,
				1AD334B02261B6CC00273B90 /* Release */,
			);
			defaultConfigurationIsVisible = 0;
			defaultConfigurationName = Release;
		};
/* End XCConfigurationList section */
	};
	rootObject = 1AD334782261B6CB00273B90 /* Project object */;
}
